dependencies:
- name: milvus
  repository: oci://dp.apps.rancher.io/charts
  version: 4.2.2
- name: ollama
  repository: oci://dp.apps.rancher.io/charts
  version: 1.16.0
- name: open-webui
  repository: oci://dp.apps.rancher.io/charts
  version: 6.13.0
- name: pytorch
  repository: oci://dp.apps.rancher.io/charts
  version: 0.2.0
digest: sha256:6e3028f6025d8393f63b3a4f2e475a50da7a7d865faebb6b0dd8c2ac9517f344
generated: "2025-06-02T07:49:52.539407024-07:00"
