dependencies:
- name: etcd
  repository: oci://dp.apps.rancher.io/charts
  version: 0.2.1
- name: minio
  repository: https://zilliztech.github.io/milvus-helm
  version: 8.0.17
- name: pulsar
  repository: https://pulsar.apache.org/charts
  version: 2.7.8
- name: kafka
  repository: https://raw.githubusercontent.com/bitnami/charts/archive-full-index/bitnami
  version: 15.5.1
digest: sha256:118167645c58b26b0250a4982d783f6ec17c676fb4bbb9d3831da1c97621eeb0
generated: "2024-09-26T13:40:49.404326708-07:00"
